
Microsoft Visual Studio Solution File, Format Version 12.00
# Visual Studio Version 17
VisualStudioVersion = 17.5.33516.290
MinimumVisualStudioVersion = 10.0.40219.1
Project("{FAE04EC0-301F-11D3-BF4B-00C04F79EFBC}") = "KaOsPizzaPL", "KaOsPizzaPL\KaOsPizzaPL.csproj", "{2D5FAE7B-CBAF-40CF-808C-FF820D983158}"
EndProject
Project("{FAE04EC0-301F-11D3-BF4B-00C04F79EFBC}") = "KaOsPizzaDL", "KaOsPizzaDL\KaOsPizzaDL.csproj", "{9118CFB9-A555-454B-BF6B-7810B0884C6E}"
EndProject
Project("{FAE04EC0-301F-11D3-BF4B-00C04F79EFBC}") = "KaOsPizzaBL", "KaOsPizzaBL\KaOsPizzaBL.csproj", "{70ADCD6D-68F0-4473-AA15-40FAA92D1A58}"
EndProject
Project("{FAE04EC0-301F-11D3-BF4B-00C04F79EFBC}") = "KaOsPizzaEL", "KaOsPizzaEL\KaOsPizzaEL.csproj", "{E5C02A01-E9EB-49D5-8FC4-700A5A95DDF7}"
EndProject
Global
	GlobalSection(SolutionConfigurationPlatforms) = preSolution
		Debug|Any CPU = Debug|Any CPU
		Release|Any CPU = Release|Any CPU
	EndGlobalSection
	GlobalSection(ProjectConfigurationPlatforms) = postSolution
		{2D5FAE7B-CBAF-40CF-808C-FF820D983158}.Debug|Any CPU.ActiveCfg = Debug|Any CPU
		{2D5FAE7B-CBAF-40CF-808C-FF820D983158}.Debug|Any CPU.Build.0 = Debug|Any CPU
		{2D5FAE7B-CBAF-40CF-808C-FF820D983158}.Release|Any CPU.ActiveCfg = Release|Any CPU
		{2D5FAE7B-CBAF-40CF-808C-FF820D983158}.Release|Any CPU.Build.0 = Release|Any CPU
		{9118CFB9-A555-454B-BF6B-7810B0884C6E}.Debug|Any CPU.ActiveCfg = Debug|Any CPU
		{9118CFB9-A555-454B-BF6B-7810B0884C6E}.Debug|Any CPU.Build.0 = Debug|Any CPU
		{9118CFB9-A555-454B-BF6B-7810B0884C6E}.Release|Any CPU.ActiveCfg = Release|Any CPU
		{9118CFB9-A555-454B-BF6B-7810B0884C6E}.Release|Any CPU.Build.0 = Release|Any CPU
		{70ADCD6D-68F0-4473-AA15-40FAA92D1A58}.Debug|Any CPU.ActiveCfg = Debug|Any CPU
		{70ADCD6D-68F0-4473-AA15-40FAA92D1A58}.Debug|Any CPU.Build.0 = Debug|Any CPU
		{70ADCD6D-68F0-4473-AA15-40FAA92D1A58}.Release|Any CPU.ActiveCfg = Release|Any CPU
		{70ADCD6D-68F0-4473-AA15-40FAA92D1A58}.Release|Any CPU.Build.0 = Release|Any CPU
		{E5C02A01-E9EB-49D5-8FC4-700A5A95DDF7}.Debug|Any CPU.ActiveCfg = Debug|Any CPU
		{E5C02A01-E9EB-49D5-8FC4-700A5A95DDF7}.Debug|Any CPU.Build.0 = Debug|Any CPU
		{E5C02A01-E9EB-49D5-8FC4-700A5A95DDF7}.Release|Any CPU.ActiveCfg = Release|Any CPU
		{E5C02A01-E9EB-49D5-8FC4-700A5A95DDF7}.Release|Any CPU.Build.0 = Release|Any CPU
	EndGlobalSection
	GlobalSection(SolutionProperties) = preSolution
		HideSolutionNode = FALSE
	EndGlobalSection
	GlobalSection(ExtensibilityGlobals) = postSolution
		SolutionGuid = {7A767AEF-67CF-48AA-92C9-0954D709F0F1}
	EndGlobalSection
EndGlobal
